{
  "nodes": {
    "aquamarine": {
      "inputs": {
        "hyprutils": [
          "xremap",
          "hyprland",
          "hyprutils"
        ],
        "hyprwayland-scanner": [
          "xremap",
          "hyprland",
          "hyprwayland-scanner"
        ],
        "nixpkgs": [
          "xremap",
          "hyprland",
          "nixpkgs"
        ],
        "systems": [
          "xremap",
          "hyprland",
          "systems"
        ]
      },
      "locked": {
        "lastModified": 1734906446,
        "narHash": "sha256-6OWluVE2A8xi+8V3jN9KA72RCgJjYdyyuLBUjxZ2q2U=",
        "owner": "hyprwm",
        "repo": "aquamarine",
        "rev": "eecb74dc79bb6752a2a507e6edee3042390a6091",
        "type": "github"
      },
      "original": {
        "owner": "hyprwm",
        "repo": "aquamarine",
        "type": "github"
      }
    },
    "bigbother-theme": {
      "inputs": {
        "home-manager": "home-manager",
        "nixpkgs": [
          "nixpkgs"
        ]
      },
      "locked": {
        "lastModified": 1704741886,
        "narHash": "sha256-CWWtth493QCR6YNq7MLECeXPgpDpL80LBo5Gdl57N3M=",
        "owner": "BigBotherLinux",
        "repo": "kde-theme",
        "rev": "c3bd2691d89e0dce8419e25a4761d27b07b81601",
        "type": "github"
      },
      "original": {
        "owner": "BigBotherLinux",
        "repo": "kde-theme",
        "type": "github"
      }
    },
    "calamares-bb": {
      "inputs": {
        "nixpkgs": [
          "nixpkgs"
        ]
      },
      "locked": {
        "lastModified": 1704748275,
        "narHash": "sha256-dkawtv/Tg8827LvVG82z1fyRENCv5DaYQVetpFEufH8=",
        "owner": "hauskens",
        "repo": "calamares-nixos-extensions",
        "rev": "4b5ddc664785dbb5581a891b147f8780d76352e5",
        "type": "github"
      },
      "original": {
        "owner": "hauskens",
        "repo": "calamares-nixos-extensions",
        "type": "github"
      }
    },
    "crane": {
      "locked": {
        "lastModified": 1734808813,
        "narHash": "sha256-3aH/0Y6ajIlfy7j52FGZ+s4icVX0oHhqBzRdlOeztqg=",
        "owner": "ipetkov",
        "repo": "crane",
        "rev": "72e2d02dbac80c8c86bf6bf3e785536acf8ee926",
        "type": "github"
      },
      "original": {
        "owner": "ipetkov",
        "repo": "crane",
        "type": "github"
      }
    },
    "devshell": {
      "inputs": {
        "nixpkgs": "nixpkgs_2"
      },
      "locked": {
        "lastModified": 1728330715,
        "narHash": "sha256-xRJ2nPOXb//u1jaBnDP56M7v5ldavjbtR6lfGqSvcKg=",
        "owner": "numtide",
        "repo": "devshell",
        "rev": "dd6b80932022cea34a019e2bb32f6fa9e494dfef",
        "type": "github"
      },
      "original": {
        "owner": "numtide",
        "repo": "devshell",
        "type": "github"
      }
    },
    "flake-compat": {
      "flake": false,
      "locked": {
        "lastModified": 1696426674,
        "narHash": "sha256-kvjfFW7WAETZlt09AgDn1MrtKzP7t90Vf7vypd3OL1U=",
        "owner": "edolstra",
        "repo": "flake-compat",
        "rev": "0f9255e01c2351cc7d116c072cb317785dd33b33",
        "type": "github"
      },
      "original": {
        "owner": "edolstra",
        "repo": "flake-compat",
        "type": "github"
      }
    },
    "flake-parts": {
      "inputs": {
        "nixpkgs-lib": "nixpkgs-lib"
      },
      "locked": {
        "lastModified": 1733312601,
        "narHash": "sha256-4pDvzqnegAfRkPwO3wmwBhVi/Sye1mzps0zHWYnP88c=",
        "owner": "hercules-ci",
        "repo": "flake-parts",
        "rev": "205b12d8b7cd4802fbcb8e8ef6a0f1408781a4f9",
        "type": "github"
      },
      "original": {
        "owner": "hercules-ci",
        "repo": "flake-parts",
        "type": "github"
      }
    },
    "flake-utils": {
      "inputs": {
        "systems": "systems"
      },
      "locked": {
        "lastModified": 1731533236,
        "narHash": "sha256-l0KFg5HjrsfsO/JpG+r7fRrqm12kzFHyUHqHCVpMMbI=",
        "owner": "numtide",
        "repo": "flake-utils",
        "rev": "11707dc2f618dd54ca8739b309ec4fc024de578b",
        "type": "github"
      },
      "original": {
        "owner": "numtide",
        "repo": "flake-utils",
        "type": "github"
      }
    },
    "gitignore": {
      "inputs": {
        "nixpkgs": [
          "xremap",
          "hyprland",
          "pre-commit-hooks",
          "nixpkgs"
        ]
      },
      "locked": {
        "lastModified": 1709087332,
        "narHash": "sha256-HG2cCnktfHsKV0s4XW83gU3F57gaTljL9KNSuG6bnQs=",
        "owner": "hercules-ci",
        "repo": "gitignore.nix",
        "rev": "637db329424fd7e46cf4185293b9cc8c88c95394",
        "type": "github"
      },
      "original": {
        "owner": "hercules-ci",
        "repo": "gitignore.nix",
        "type": "github"
      }
    },
    "home-manager": {
      "inputs": {
        "nixpkgs": [
          "bigbother-theme",
          "nixpkgs"
        ]
      },
      "locked": {
        "lastModified": 1702195668,
        "narHash": "sha256-Lxmjez0nfNBptdqV5GsXKm7Bb7swjGsrxiLxWJu0tL8=",
        "owner": "nix-community",
        "repo": "home-manager",
        "rev": "33110fb3c7fe6a94b98b641866a5eddb64b7c23f",
        "type": "github"
      },
      "original": {
        "owner": "nix-community",
        "ref": "release-23.05",
        "repo": "home-manager",
        "type": "github"
      }
    },
    "home-manager_2": {
      "inputs": {
        "nixpkgs": [
          "nixpkgs"
        ]
      },
      "locked": {
        "lastModified": 1735774425,
        "narHash": "sha256-C73gLFnEh8ZI0uDijUgCDWCd21T6I6tsaWgIBHcfAXg=",
        "owner": "nix-community",
        "repo": "home-manager",
        "rev": "5f6aa268e419d053c3d5025da740e390b12ac936",
        "type": "github"
      },
      "original": {
        "owner": "nix-community",
        "repo": "home-manager",
        "type": "github"
      }
    },
    "home-manager_3": {
      "inputs": {
        "nixpkgs": "nixpkgs_3"
      },
      "locked": {
        "lastModified": 1735381016,
        "narHash": "sha256-CyCZFhMUkuYbSD6bxB/r43EdmDE7hYeZZPTCv0GudO4=",
        "owner": "nix-community",
        "repo": "home-manager",
        "rev": "10e99c43cdf4a0713b4e81d90691d22c6a58bdf2",
        "type": "github"
      },
      "original": {
        "owner": "nix-community",
        "repo": "home-manager",
        "type": "github"
      }
    },
    "hyprcursor": {
      "inputs": {
        "hyprlang": [
          "xremap",
          "hyprland",
          "hyprlang"
        ],
        "nixpkgs": [
          "xremap",
          "hyprland",
          "nixpkgs"
        ],
        "systems": [
          "xremap",
          "hyprland",
          "systems"
        ]
      },
      "locked": {
        "lastModified": 1734906540,
        "narHash": "sha256-vQ/L9hZFezC0LquLo4TWXkyniWtYBlFHAKIsDc7PYJE=",
        "owner": "hyprwm",
        "repo": "hyprcursor",
        "rev": "69270ba8f057d55b0e6c2dca0e165d652856e613",
        "type": "github"
      },
      "original": {
        "owner": "hyprwm",
        "repo": "hyprcursor",
        "type": "github"
      }
    },
    "hyprgraphics": {
      "inputs": {
        "hyprutils": [
          "xremap",
          "hyprland",
          "hyprutils"
        ],
        "nixpkgs": [
          "xremap",
          "hyprland",
          "nixpkgs"
        ],
        "systems": [
          "xremap",
          "hyprland",
          "systems"
        ]
      },
      "locked": {
        "lastModified": 1734906236,
        "narHash": "sha256-vH/ysV2ONGQgYZPtcJKwc8jJivzyVxru2aaOxC20ZOE=",
        "owner": "hyprwm",
        "repo": "hyprgraphics",
        "rev": "6dea3fba08fd704dd624b6d4b261638fb4003c9c",
        "type": "github"
      },
      "original": {
        "owner": "hyprwm",
        "repo": "hyprgraphics",
        "type": "github"
      }
    },
    "hyprland": {
      "inputs": {
        "aquamarine": "aquamarine",
        "hyprcursor": "hyprcursor",
        "hyprgraphics": "hyprgraphics",
        "hyprland-protocols": "hyprland-protocols",
        "hyprland-qtutils": "hyprland-qtutils",
        "hyprlang": "hyprlang",
        "hyprutils": "hyprutils",
        "hyprwayland-scanner": "hyprwayland-scanner",
        "nixpkgs": "nixpkgs_4",
        "pre-commit-hooks": "pre-commit-hooks",
        "systems": "systems_2",
        "xdph": "xdph"
      },
      "locked": {
        "lastModified": 1735473418,
        "narHash": "sha256-9JEwMOvq3/eRVo4WTv0VNhRyrZJh51pJgKumwNUuai4=",
        "owner": "hyprwm",
        "repo": "Hyprland",
        "rev": "3f40d6d9361d0c5fec558b7549e58203fbe5cbd7",
        "type": "github"
      },
      "original": {
        "owner": "hyprwm",
        "repo": "Hyprland",
        "type": "github"
      }
    },
    "hyprland-protocols": {
      "inputs": {
        "nixpkgs": [
          "xremap",
          "hyprland",
          "nixpkgs"
        ],
        "systems": [
          "xremap",
          "hyprland",
          "systems"
        ]
      },
      "locked": {
        "lastModified": 1728345020,
        "narHash": "sha256-xGbkc7U/Roe0/Cv3iKlzijIaFBNguasI31ynL2IlEoM=",
        "owner": "hyprwm",
        "repo": "hyprland-protocols",
        "rev": "a7c183800e74f337753de186522b9017a07a8cee",
        "type": "github"
      },
      "original": {
        "owner": "hyprwm",
        "repo": "hyprland-protocols",
        "type": "github"
      }
    },
    "hyprland-qtutils": {
      "inputs": {
        "hyprutils": [
          "xremap",
          "hyprland",
          "hyprutils"
        ],
        "nixpkgs": [
          "xremap",
          "hyprland",
          "nixpkgs"
        ],
        "systems": [
          "xremap",
          "hyprland",
          "systems"
        ]
      },
      "locked": {
        "lastModified": 1734906472,
        "narHash": "sha256-pWPRv/GA/X/iAwoE6gMNUqn/ZeJX1IeLPRpZI0tTPK0=",
        "owner": "hyprwm",
        "repo": "hyprland-qtutils",
        "rev": "c77109d7e1ddbcdb87cafd32ce411f76328ae152",
        "type": "github"
      },
      "original": {
        "owner": "hyprwm",
        "repo": "hyprland-qtutils",
        "type": "github"
      }
    },
    "hyprlang": {
      "inputs": {
        "hyprutils": [
          "xremap",
          "hyprland",
          "hyprutils"
        ],
        "nixpkgs": [
          "xremap",
          "hyprland",
          "nixpkgs"
        ],
        "systems": [
          "xremap",
          "hyprland",
          "systems"
        ]
      },
      "locked": {
        "lastModified": 1734906259,
        "narHash": "sha256-P79t/7HbACO4/PuJBroGpTptvCWJtXTv+gWsF+sM6MI=",
        "owner": "hyprwm",
        "repo": "hyprlang",
        "rev": "0404833ea18d543df44df935ebf1b497310eb046",
        "type": "github"
      },
      "original": {
        "owner": "hyprwm",
        "repo": "hyprlang",
        "type": "github"
      }
    },
    "hyprutils": {
      "inputs": {
        "nixpkgs": [
          "xremap",
          "hyprland",
          "nixpkgs"
        ],
        "systems": [
          "xremap",
          "hyprland",
          "systems"
        ]
      },
      "locked": {
        "lastModified": 1735316583,
        "narHash": "sha256-AiiUwHWHfEdpFzXy7l1x3zInCUa1xcRMrbZ1XRSkzwU=",
        "owner": "hyprwm",
        "repo": "hyprutils",
        "rev": "8f15d45b120b33712f6db477fe5ffb18034d0ea8",
        "type": "github"
      },
      "original": {
        "owner": "hyprwm",
        "repo": "hyprutils",
        "type": "github"
      }
    },
    "hyprwayland-scanner": {
      "inputs": {
        "nixpkgs": [
          "xremap",
          "hyprland",
          "nixpkgs"
        ],
        "systems": [
          "xremap",
          "hyprland",
          "systems"
        ]
      },
      "locked": {
        "lastModified": 1734793513,
        "narHash": "sha256-rrrHcXapXJvGFqX+L/Bb0182L25jofAZ0fm1FInvrTQ=",
        "owner": "hyprwm",
        "repo": "hyprwayland-scanner",
        "rev": "4d7367b6eee87397e2dbca2e78078dd0a4ef4c61",
        "type": "github"
      },
      "original": {
        "owner": "hyprwm",
        "repo": "hyprwayland-scanner",
        "type": "github"
      }
    },
    "nixlib": {
      "locked": {
        "lastModified": 1734829460,
        "narHash": "sha256-dPhc+f2wkmhMqMIfq+hColJdysgVxKP9ilZ5bR0NRZI=",
        "owner": "nix-community",
        "repo": "nixpkgs.lib",
        "rev": "0a31e8d833173ae63e43fd9dbff1ccf09c4f778c",
        "type": "github"
      },
      "original": {
        "owner": "nix-community",
        "repo": "nixpkgs.lib",
        "type": "github"
      }
    },
    "nixos-generators": {
      "inputs": {
        "nixlib": "nixlib",
        "nixpkgs": [
          "nixpkgs"
        ]
      },
      "locked": {
        "lastModified": 1734915500,
        "narHash": "sha256-A7CTIQ8SW0hfbhKlwK+vSsu4pD+Oaelw3v6goX6go+U=",
        "owner": "nix-community",
        "repo": "nixos-generators",
        "rev": "051d1b2dda3b2e81b38d82e2b691e5c2f4d335f4",
        "type": "github"
      },
      "original": {
        "owner": "nix-community",
        "repo": "nixos-generators",
        "type": "github"
      }
    },
    "nixpkgs": {
      "locked": {
        "lastModified": 1735471104,
        "narHash": "sha256-0q9NGQySwDQc7RhAV2ukfnu7Gxa5/ybJ2ANT8DQrQrs=",
        "owner": "nixos",
        "repo": "nixpkgs",
        "rev": "88195a94f390381c6afcdaa933c2f6ff93959cb4",
        "type": "github"
      },
      "original": {
        "owner": "nixos",
        "ref": "nixos-unstable",
        "repo": "nixpkgs",
        "type": "github"
      }
    },
    "nixpkgs-lib": {
      "locked": {
        "lastModified": 1733096140,
        "narHash": "sha256-1qRH7uAUsyQI7R1Uwl4T+XvdNv778H0Nb5njNrqvylY=",
        "type": "tarball",
        "url": "https://github.com/NixOS/nixpkgs/archive/5487e69da40cbd611ab2cadee0b4637225f7cfae.tar.gz"
      },
      "original": {
        "type": "tarball",
        "url": "https://github.com/NixOS/nixpkgs/archive/5487e69da40cbd611ab2cadee0b4637225f7cfae.tar.gz"
      }
    },
    "nixpkgs-stable": {
      "locked": {
        "lastModified": 1730741070,
        "narHash": "sha256-edm8WG19kWozJ/GqyYx2VjW99EdhjKwbY3ZwdlPAAlo=",
        "owner": "NixOS",
        "repo": "nixpkgs",
        "rev": "d063c1dd113c91ab27959ba540c0d9753409edf3",
        "type": "github"
      },
      "original": {
        "owner": "NixOS",
        "ref": "nixos-24.05",
        "repo": "nixpkgs",
        "type": "github"
      }
    },
    "nixpkgs_2": {
      "locked": {
        "lastModified": 1722073938,
        "narHash": "sha256-OpX0StkL8vpXyWOGUD6G+MA26wAXK6SpT94kLJXo6B4=",
        "owner": "NixOS",
        "repo": "nixpkgs",
        "rev": "e36e9f57337d0ff0cf77aceb58af4c805472bfae",
        "type": "github"
      },
      "original": {
        "owner": "NixOS",
        "ref": "nixpkgs-unstable",
        "repo": "nixpkgs",
        "type": "github"
      }
    },
    "nixpkgs_3": {
      "locked": {
        "lastModified": 1734649271,
        "narHash": "sha256-4EVBRhOjMDuGtMaofAIqzJbg4Ql7Ai0PSeuVZTHjyKQ=",
        "owner": "NixOS",
        "repo": "nixpkgs",
        "rev": "d70bd19e0a38ad4790d3913bf08fcbfc9eeca507",
        "type": "github"
      },
      "original": {
        "owner": "NixOS",
        "ref": "nixos-unstable",
        "repo": "nixpkgs",
        "type": "github"
      }
    },
    "nixpkgs_4": {
      "locked": {
        "lastModified": 1735291276,
        "narHash": "sha256-NYVcA06+blsLG6wpAbSPTCyLvxD/92Hy4vlY9WxFI1M=",
        "owner": "NixOS",
        "repo": "nixpkgs",
        "rev": "634fd46801442d760e09493a794c4f15db2d0cbb",
        "type": "github"
      },
      "original": {
        "owner": "NixOS",
        "ref": "nixos-unstable",
        "repo": "nixpkgs",
        "type": "github"
      }
    },
    "nixpkgs_5": {
      "locked": {
        "lastModified": 1735268880,
        "narHash": "sha256-7QEFnKkzD13SPxs+UFR5bUFN2fRw+GlL0am72ZjNre4=",
        "owner": "NixOS",
        "repo": "nixpkgs",
        "rev": "7cc0bff31a3a705d3ac4fdceb030a17239412210",
        "type": "github"
      },
      "original": {
        "owner": "NixOS",
        "ref": "nixpkgs-unstable",
        "repo": "nixpkgs",
        "type": "github"
      }
    },
    "nixpkgs_6": {
      "locked": {
        "lastModified": 1733097829,
        "narHash": "sha256-9hbb1rqGelllb4kVUCZ307G2k3/UhmA8PPGBoyuWaSw=",
        "owner": "nixos",
        "repo": "nixpkgs",
        "rev": "2c15aa59df0017ca140d9ba302412298ab4bf22a",
        "type": "github"
      },
      "original": {
        "owner": "nixos",
        "ref": "nixpkgs-unstable",
        "repo": "nixpkgs",
        "type": "github"
      }
    },
    "plasma-manager": {
      "inputs": {
        "home-manager": [
          "home-manager"
        ],
        "nixpkgs": [
          "nixpkgs"
        ]
      },
      "locked": {
        "lastModified": 1735049224,
        "narHash": "sha256-fWUd9kyXdepphJ7cCzOsuSo7l0kbFCkUqfgKqZyFZzE=",
        "owner": "pjones",
        "repo": "plasma-manager",
        "rev": "d16bbded0ae452bc088489e7dca3ef58d8d1830b",
        "type": "github"
      },
      "original": {
        "owner": "pjones",
        "repo": "plasma-manager",
        "type": "github"
      }
    },
    "pre-commit-hooks": {
      "inputs": {
        "flake-compat": "flake-compat",
        "gitignore": "gitignore",
        "nixpkgs": [
          "xremap",
          "hyprland",
          "nixpkgs"
        ],
        "nixpkgs-stable": "nixpkgs-stable"
      },
      "locked": {
        "lastModified": 1734797603,
        "narHash": "sha256-ulZN7ps8nBV31SE+dwkDvKIzvN6hroRY8sYOT0w+E28=",
        "owner": "cachix",
        "repo": "git-hooks.nix",
        "rev": "f0f0dc4920a903c3e08f5bdb9246bb572fcae498",
        "type": "github"
      },
      "original": {
        "owner": "cachix",
        "repo": "git-hooks.nix",
        "type": "github"
      }
    },
    "root": {
      "inputs": {
        "bigbother-theme": "bigbother-theme",
        "calamares-bb": "calamares-bb",
        "flake-utils": "flake-utils",
        "home-manager": "home-manager_2",
        "nixos-generators": "nixos-generators",
        "nixpkgs": "nixpkgs",
        "plasma-manager": "plasma-manager",
        "xremap": "xremap"
      }
    },
    "systems": {
      "locked": {
        "lastModified": 1681028828,
        "narHash": "sha256-Vy1rq5AaRuLzOxct8nz4T6wlgyUR7zLU309k9mBC768=",
        "owner": "nix-systems",
        "repo": "default",
        "rev": "da67096a3b9bf56a91d16901293e51ba5b49a27e",
        "type": "github"
      },
      "original": {
        "owner": "nix-systems",
        "repo": "default",
        "type": "github"
      }
    },
    "systems_2": {
      "locked": {
        "lastModified": 1689347949,
        "narHash": "sha256-12tWmuL2zgBgZkdoB6qXZsgJEH9LR3oUgpaQq2RbI80=",
        "owner": "nix-systems",
        "repo": "default-linux",
        "rev": "31732fcf5e8fea42e59c2488ad31a0e651500f68",
        "type": "github"
      },
      "original": {
        "owner": "nix-systems",
        "repo": "default-linux",
        "type": "github"
      }
    },
    "treefmt-nix": {
      "inputs": {
        "nixpkgs": "nixpkgs_6"
      },
      "locked": {
        "lastModified": 1735135567,
        "narHash": "sha256-8T3K5amndEavxnludPyfj3Z1IkcFdRpR23q+T0BVeZE=",
        "owner": "numtide",
        "repo": "treefmt-nix",
        "rev": "9e09d30a644c57257715902efbb3adc56c79cf28",
        "type": "github"
      },
      "original": {
        "owner": "numtide",
        "repo": "treefmt-nix",
        "type": "github"
      }
    },
    "xdph": {
      "inputs": {
        "hyprland-protocols": [
          "xremap",
          "hyprland",
          "hyprland-protocols"
        ],
        "hyprlang": [
          "xremap",
          "hyprland",
          "hyprlang"
        ],
        "hyprutils": [
          "xremap",
          "hyprland",
          "hyprutils"
        ],
        "hyprwayland-scanner": [
          "xremap",
          "hyprland",
          "hyprwayland-scanner"
        ],
        "nixpkgs": [
          "xremap",
          "hyprland",
          "nixpkgs"
        ],
        "systems": [
          "xremap",
          "hyprland",
          "systems"
        ]
      },
      "locked": {
        "lastModified": 1734907020,
        "narHash": "sha256-p6HxwpRKVl1KIiY5xrJdjcEeK3pbmc///UOyV6QER+w=",
        "owner": "hyprwm",
        "repo": "xdg-desktop-portal-hyprland",
        "rev": "d7f18dda5e511749fa1511185db3536208fb1a63",
        "type": "github"
      },
      "original": {
        "owner": "hyprwm",
        "repo": "xdg-desktop-portal-hyprland",
        "type": "github"
      }
    },
    "xremap": {
      "inputs": {
        "crane": "crane",
        "devshell": "devshell",
        "flake-parts": "flake-parts",
        "home-manager": "home-manager_3",
        "hyprland": "hyprland",
        "nixpkgs": "nixpkgs_5",
        "treefmt-nix": "treefmt-nix",
        "xremap": "xremap_2"
      },
      "locked": {
        "lastModified": 1735494397,
        "narHash": "sha256-Vy6IuJvfsdEGAhfnRjtVk9hsK5UqpwxjjP/1EaKylpA=",
        "owner": "xremap",
        "repo": "nix-flake",
        "rev": "c14d1dec78be97bc1a3bd15fc4203a833f692527",
        "type": "github"
      },
      "original": {
        "owner": "xremap",
        "repo": "nix-flake",
        "type": "github"
      }
    },
    "xremap_2": {
      "flake": false,
      "locked": {
        "lastModified": 1735466906,
        "narHash": "sha256-6w3sLuGay+WPtQ1MtddvECtwh0U7EQUCDDQxkzYRe5o=",
        "owner": "k0kubun",
        "repo": "xremap",
        "rev": "e8ab19f9133a4440247f50432094f8e25f001ea8",
        "type": "github"
      },
      "original": {
        "owner": "k0kubun",
        "ref": "v0.10.3",
        "repo": "xremap",
        "type": "github"
      }
    }
  },
  "root": "root",
  "version": 7
}
